// !$*UTF8*$!
{
	archiveVersion = 1;
	classes = {
	};
	objectVersion = 50;
	objects = {

/* Begin PBXBuildFile section */
		954823F020BA2CBE007F7F24 /* ProfileViewController.swift in Sources */ = {isa = PBXBuildFile; fileRef = 954823EF20BA2CBE007F7F24 /* ProfileViewController.swift */; };
		954823F220BA3063007F7F24 /* ProfilePicImageView.swift in Sources */ = {isa = PBXBuildFile; fileRef = 954823F120BA3063007F7F24 /* ProfilePicImageView.swift */; };
		954823F520BA3C24007F7F24 /* Assets.xcassets in Resources */ = {isa = PBXBuildFile; fileRef = 954823F420BA3C24007F7F24 /* Assets.xcassets */; };
		954823FA20BA422B007F7F24 /* LoginPageViewController.swift in Sources */ = {isa = PBXBuildFile; fileRef = 954823F920BA422B007F7F24 /* LoginPageViewController.swift */; };
		954823FC20BA4897007F7F24 /* LoginPageCell.swift in Sources */ = {isa = PBXBuildFile; fileRef = 954823FB20BA4896007F7F24 /* LoginPageCell.swift */; };
		954823FE20BA6176007F7F24 /* PageModel.swift in Sources */ = {isa = PBXBuildFile; fileRef = 954823FD20BA6176007F7F24 /* PageModel.swift */; };
		955ECB9120B938FB00D9DE70 /* AppDelegate.swift in Sources */ = {isa = PBXBuildFile; fileRef = 955ECB9020B938FB00D9DE70 /* AppDelegate.swift */; };
		955ECB9320B938FB00D9DE70 /* ViewController.swift in Sources */ = {isa = PBXBuildFile; fileRef = 955ECB9220B938FB00D9DE70 /* ViewController.swift */; };
		955ECB9B20B938FC00D9DE70 /* LaunchScreen.storyboard in Resources */ = {isa = PBXBuildFile; fileRef = 955ECB9920B938FC00D9DE70 /* LaunchScreen.storyboard */; };
		955ECBA320B9397C00D9DE70 /* ImageGrid.xib in Resources */ = {isa = PBXBuildFile; fileRef = 955ECBA220B9397C00D9DE70 /* ImageGrid.xib */; };
/* End PBXBuildFile section */

/* Begin PBXFileReference section */
		954823EF20BA2CBE007F7F24 /* ProfileViewController.swift */ = {isa = PBXFileReference; lastKnownFileType = sourcecode.swift; path = ProfileViewController.swift; sourceTree = "<group>"; };
		954823F120BA3063007F7F24 /* ProfilePicImageView.swift */ = {isa = PBXFileReference; lastKnownFileType = sourcecode.swift; path = ProfilePicImageView.swift; sourceTree = "<group>"; };
		954823F420BA3C24007F7F24 /* Assets.xcassets */ = {isa = PBXFileReference; lastKnownFileType = folder.assetcatalog; path = Assets.xcassets; sourceTree = "<group>"; };
		954823F920BA422B007F7F24 /* LoginPageViewController.swift */ = {isa = PBXFileReference; lastKnownFileType = sourcecode.swift; path = LoginPageViewController.swift; sourceTree = "<group>"; };
		954823FB20BA4896007F7F24 /* LoginPageCell.swift */ = {isa = PBXFileReference; lastKnownFileType = sourcecode.swift; path = LoginPageCell.swift; sourceTree = "<group>"; };
		954823FD20BA6176007F7F24 /* PageModel.swift */ = {isa = PBXFileReference; lastKnownFileType = sourcecode.swift; path = PageModel.swift; sourceTree = "<group>"; };
		955ECB8D20B938FB00D9DE70 /* Dater.app */ = {isa = PBXFileReference; explicitFileType = wrapper.application; includeInIndex = 0; path = Dater.app; sourceTree = BUILT_PRODUCTS_DIR; };
		955ECB9020B938FB00D9DE70 /* AppDelegate.swift */ = {isa = PBXFileReference; lastKnownFileType = sourcecode.swift; path = AppDelegate.swift; sourceTree = "<group>"; };
		955ECB9220B938FB00D9DE70 /* ViewController.swift */ = {isa = PBXFileReference; lastKnownFileType = sourcecode.swift; path = ViewController.swift; sourceTree = "<group>"; };
		955ECB9A20B938FC00D9DE70 /* Base */ = {isa = PBXFileReference; lastKnownFileType = file.storyboard; name = Base; path = Base.lproj/LaunchScreen.storyboard; sourceTree = "<group>"; };
		955ECB9C20B938FC00D9DE70 /* Info.plist */ = {isa = PBXFileReference; lastKnownFileType = text.plist.xml; path = Info.plist; sourceTree = "<group>"; };
		955ECBA220B9397C00D9DE70 /* ImageGrid.xib */ = {isa = PBXFileReference; lastKnownFileType = file.xib; path = ImageGrid.xib; sourceTree = "<group>"; };
/* End PBXFileReference section */

/* Begin PBXFrameworksBuildPhase section */
		955ECB8A20B938FB00D9DE70 /* Frameworks */ = {
			isa = PBXFrameworksBuildPhase;
			buildActionMask = 2147483647;
			files = (
			);
			runOnlyForDeploymentPostprocessing = 0;
		};
/* End PBXFrameworksBuildPhase section */

/* Begin PBXGroup section */
		954823F620BA40F1007F7F24 /* View */ = {
			isa = PBXGroup;
			children = (
				954823F120BA3063007F7F24 /* ProfilePicImageView.swift */,
				955ECBA220B9397C00D9DE70 /* ImageGrid.xib */,
			);
			path = View;
			sourceTree = "<group>";
		};
		954823F720BA412C007F7F24 /* Controller */ = {
			isa = PBXGroup;
			children = (
				954823EF20BA2CBE007F7F24 /* ProfileViewController.swift */,
				954823F920BA422B007F7F24 /* LoginPageViewController.swift */,
				954823FB20BA4896007F7F24 /* LoginPageCell.swift */,
				955ECB9220B938FB00D9DE70 /* ViewController.swift */,
			);
			path = Controller;
			sourceTree = "<group>";
		};
		954823F820BA41C9007F7F24 /* Supporting Files */ = {
			isa = PBXGroup;
			children = (
				955ECB9020B938FB00D9DE70 /* AppDelegate.swift */,
				954823F420BA3C24007F7F24 /* Assets.xcassets */,
				955ECB9920B938FC00D9DE70 /* LaunchScreen.storyboard */,
			);
			path = "Supporting Files";
			sourceTree = "<group>";
		};
		954823FF20BA617E007F7F24 /* Model */ = {
			isa = PBXGroup;
			children = (
				954823FD20BA6176007F7F24 /* PageModel.swift */,
			);
			path = Model;
			sourceTree = "<group>";
		};
		955ECB8420B938FB00D9DE70 = {
			isa = PBXGroup;
			children = (
				955ECB8F20B938FB00D9DE70 /* Dater */,
				955ECB8E20B938FB00D9DE70 /* Products */,
			);
			sourceTree = "<group>";
		};
		955ECB8E20B938FB00D9DE70 /* Products */ = {
			isa = PBXGroup;
			children = (
				955ECB8D20B938FB00D9DE70 /* Dater.app */,
			);
			name = Products;
			sourceTree = "<group>";
		};
		955ECB8F20B938FB00D9DE70 /* Dater */ = {
			isa = PBXGroup;
			children = (
				954823FF20BA617E007F7F24 /* Model */,
				954823F620BA40F1007F7F24 /* View */,
				954823F820BA41C9007F7F24 /* Supporting Files */,
				954823F720BA412C007F7F24 /* Controller */,
				955ECB9C20B938FC00D9DE70 /* Info.plist */,
			);
			path = Dater;
			sourceTree = "<group>";
		};
/* End PBXGroup section */

/* Begin PBXNativeTarget section */
		955ECB8C20B938FB00D9DE70 /* Dater */ = {
			isa = PBXNativeTarget;
			buildConfigurationList = 955ECB9F20B938FC00D9DE70 /* Build configuration list for PBXNativeTarget "Dater" */;
			buildPhases = (
				955ECB8920B938FB00D9DE70 /* Sources */,
				955ECB8A20B938FB00D9DE70 /* Frameworks */,
				955ECB8B20B938FB00D9DE70 /* Resources */,
			);
			buildRules = (
			);
			dependencies = (
			);
			name = Dater;
			productName = Dater;
			productReference = 955ECB8D20B938FB00D9DE70 /* Dater.app */;
			productType = "com.apple.product-type.application";
		};
/* End PBXNativeTarget section */

/* Begin PBXProject section */
		955ECB8520B938FB00D9DE70 /* Project object */ = {
			isa = PBXProject;
			attributes = {
				LastSwiftUpdateCheck = 0930;
				LastUpgradeCheck = 0930;
				ORGANIZATIONNAME = "Devesh Nema";
				TargetAttributes = {
					955ECB8C20B938FB00D9DE70 = {
						CreatedOnToolsVersion = 9.3;
						SystemCapabilities = {
							com.apple.Siri = {
								enabled = 1;
							};
						};
					};
				};
			};
			buildConfigurationList = 955ECB8820B938FB00D9DE70 /* Build configuration list for PBXProject "Dater" */;
			compatibilityVersion = "Xcode 9.3";
			developmentRegion = en;
			hasScannedForEncodings = 0;
			knownRegions = (
				en,
				Base,
			);
			mainGroup = 955ECB8420B938FB00D9DE70;
			productRefGroup = 955ECB8E20B938FB00D9DE70 /* Products */;
			projectDirPath = "";
			projectRoot = "";
			targets = (
				955ECB8C20B938FB00D9DE70 /* Dater */,
			);
		};
/* End PBXProject section */

/* Begin PBXResourcesBuildPhase section */
		955ECB8B20B938FB00D9DE70 /* Resources */ = {
			isa = PBXResourcesBuildPhase;
			buildActionMask = 2147483647;
			files = (
				955ECB9B20B938FC00D9DE70 /* LaunchScreen.storyboard in Resources */,
				954823F520BA3C24007F7F24 /* Assets.xcassets in Resources */,
				955ECBA320B9397C00D9DE70 /* ImageGrid.xib in Resources */,
			);
			runOnlyForDeploymentPostprocessing = 0;
		};
/* End PBXResourcesBuildPhase section */

/* Begin PBXSourcesBuildPhase section */
		955ECB8920B938FB00D9DE70 /* Sources */ = {
			isa = PBXSourcesBuildPhase;
			buildActionMask = 2147483647;
			files = (
				954823F020BA2CBE007F7F24 /* ProfileViewController.swift in Sources */,
				954823FE20BA6176007F7F24 /* PageModel.swift in Sources */,
				955ECB9320B938FB00D9DE70 /* ViewController.swift in Sources */,
				954823FC20BA4897007F7F24 /* LoginPageCell.swift in Sources */,
				955ECB9120B938FB00D9DE70 /* AppDelegate.swift in Sources */,
				954823FA20BA422B007F7F24 /* LoginPageViewController.swift in Sources */,
				954823F220BA3063007F7F24 /* ProfilePicImageView.swift in Sources */,
			);
			runOnlyForDeploymentPostprocessing = 0;
		};
/* End PBXSourcesBuildPhase section */

/* Begin PBXVariantGroup section */
		955ECB9920B938FC00D9DE70 /* LaunchScreen.storyboard */ = {
			isa = PBXVariantGroup;
			children = (
				955ECB9A20B938FC00D9DE70 /* Base */,
			);
			name = LaunchScreen.storyboard;
			sourceTree = "<group>";
		};
/* End PBXVariantGroup section */

/* Begin XCBuildConfiguration section */
		955ECB9D20B938FC00D9DE70 /* Debug */ = {
			isa = XCBuildConfiguration;
			buildSettings = {
				ALWAYS_SEARCH_USER_PATHS = NO;
				CLANG_ANALYZER_NONNULL = YES;
				CLANG_ANALYZER_NUMBER_OBJECT_CONVERSION = YES_AGGRESSIVE;
				CLANG_CXX_LANGUAGE_STANDARD = "gnu++14";
				CLANG_CXX_LIBRARY = "libc++";
				CLANG_ENABLE_MODULES = YES;
				CLANG_ENABLE_OBJC_ARC = YES;
				CLANG_ENABLE_OBJC_WEAK = YES;
				CLANG_WARN_BLOCK_CAPTURE_AUTORELEASING = YES;
				CLANG_WARN_BOOL_CONVERSION = YES;
				CLANG_WARN_COMMA = YES;
				CLANG_WARN_CONSTANT_CONVERSION = YES;
				CLANG_WARN_DEPRECATED_OBJC_IMPLEMENTATIONS = YES;
				CLANG_WARN_DIRECT_OBJC_ISA_USAGE = YES_ERROR;
				CLANG_WARN_DOCUMENTATION_COMMENTS = YES;
				CLANG_WARN_EMPTY_BODY = YES;
				CLANG_WARN_ENUM_CONVERSION = YES;
				CLANG_WARN_INFINITE_RECURSION = YES;
				CLANG_WARN_INT_CONVERSION = YES;
				CLANG_WARN_NON_LITERAL_NULL_CONVERSION = YES;
				CLANG_WARN_OBJC_IMPLICIT_RETAIN_SELF = YES;
				CLANG_WARN_OBJC_LITERAL_CONVERSION = YES;
				CLANG_WARN_OBJC_ROOT_CLASS = YES_ERROR;
				CLANG_WARN_RANGE_LOOP_ANALYSIS = YES;
				CLANG_WARN_STRICT_PROTOTYPES = YES;
				CLANG_WARN_SUSPICIOUS_MOVE = YES;
				CLANG_WARN_UNGUARDED_AVAILABILITY = YES_AGGRESSIVE;
				CLANG_WARN_UNREACHABLE_CODE = YES;
				CLANG_WARN__DUPLICATE_METHOD_MATCH = YES;
				CODE_SIGN_IDENTITY = "iPhone Developer";
				COPY_PHASE_STRIP = NO;
				DEBUG_INFORMATION_FORMAT = dwarf;
				ENABLE_STRICT_OBJC_MSGSEND = YES;
				ENABLE_TESTABILITY = YES;
				GCC_C_LANGUAGE_STANDARD = gnu11;
				GCC_DYNAMIC_NO_PIC = NO;
				GCC_NO_COMMON_BLOCKS = YES;
				GCC_OPTIMIZATION_LEVEL = 0;
				GCC_PREPROCESSOR_DEFINITIONS = (
					"DEBUG=1",
					"$(inherited)",
				);
				GCC_WARN_64_TO_32_BIT_CONVERSION = YES;
				GCC_WARN_ABOUT_RETURN_TYPE = YES_ERROR;
				GCC_WARN_UNDECLARED_SELECTOR = YES;
				GCC_WARN_UNINITIALIZED_AUTOS = YES_AGGRESSIVE;
				GCC_WARN_UNUSED_FUNCTION = YES;
				GCC_WARN_UNUSED_VARIABLE = YES;
				IPHONEOS_DEPLOYMENT_TARGET = 11.3;
				MTL_ENABLE_DEBUG_INFO = YES;
				ONLY_ACTIVE_ARCH = YES;
				SDKROOT = iphoneos;
				SWIFT_ACTIVE_COMPILATION_CONDITIONS = DEBUG;
				SWIFT_OPTIMIZATION_LEVEL = "-Onone";
			};
			name = Debug;
		};
		955ECB9E20B938FC00D9DE70 /* Release */ = {
			isa = XCBuildConfiguration;
			buildSettings = {
				ALWAYS_SEARCH_USER_PATHS = NO;
				CLANG_ANALYZER_NONNULL = YES;
				CLANG_ANALYZER_NUMBER_OBJECT_CONVERSION = YES_AGGRESSIVE;
				CLANG_CXX_LANGUAGE_STANDARD = "gnu++14";
				CLANG_CXX_LIBRARY = "libc++";
				CLANG_ENABLE_MODULES = YES;
				CLANG_ENABLE_OBJC_ARC = YES;
				CLANG_ENABLE_OBJC_WEAK = YES;
				CLANG_WARN_BLOCK_CAPTURE_AUTORELEASING = YES;
				CLANG_WARN_BOOL_CONVERSION = YES;
				CLANG_WARN_COMMA = YES;
				CLANG_WARN_CONSTANT_CONVERSION = YES;
				CLANG_WARN_DEPRECATED_OBJC_IMPLEMENTATIONS = YES;
				CLANG_WARN_DIRECT_OBJC_ISA_USAGE = YES_ERROR;
				CLANG_WARN_DOCUMENTATION_COMMENTS = YES;
				CLANG_WARN_EMPTY_BODY = YES;
				CLANG_WARN_ENUM_CONVERSION = YES;
				CLANG_WARN_INFINITE_RECURSION = YES;
				CLANG_WARN_INT_CONVERSION = YES;
				CLANG_WARN_NON_LITERAL_NULL_CONVERSION = YES;
				CLANG_WARN_OBJC_IMPLICIT_RETAIN_SELF = YES;
				CLANG_WARN_OBJC_LITERAL_CONVERSION = YES;
				CLANG_WARN_OBJC_ROOT_CLASS = YES_ERROR;
				CLANG_WARN_RANGE_LOOP_ANALYSIS = YES;
				CLANG_WARN_STRICT_PROTOTYPES = YES;
				CLANG_WARN_SUSPICIOUS_MOVE = YES;
				CLANG_WARN_UNGUARDED_AVAILABILITY = YES_AGGRESSIVE;
				CLANG_WARN_UNREACHABLE_CODE = YES;
				CLANG_WARN__DUPLICATE_METHOD_MATCH = YES;
				CODE_SIGN_IDENTITY = "iPhone Developer";
				COPY_PHASE_STRIP = NO;
				DEBUG_INFORMATION_FORMAT = "dwarf-with-dsym";
				ENABLE_NS_ASSERTIONS = NO;
				ENABLE_STRICT_OBJC_MSGSEND = YES;
				GCC_C_LANGUAGE_STANDARD = gnu11;
				GCC_NO_COMMON_BLOCKS = YES;
				GCC_WARN_64_TO_32_BIT_CONVERSION = YES;
				GCC_WARN_ABOUT_RETURN_TYPE = YES_ERROR;
				GCC_WARN_UNDECLARED_SELECTOR = YES;
				GCC_WARN_UNINITIALIZED_AUTOS = YES_AGGRESSIVE;
				GCC_WARN_UNUSED_FUNCTION = YES;
				GCC_WARN_UNUSED_VARIABLE = YES;
				IPHONEOS_DEPLOYMENT_TARGET = 11.3;
				MTL_ENABLE_DEBUG_INFO = NO;
				SDKROOT = iphoneos;
				SWIFT_COMPILATION_MODE = wholemodule;
				SWIFT_OPTIMIZATION_LEVEL = "-O";
				VALIDATE_PRODUCT = YES;
			};
			name = Release;
		};
		955ECBA020B938FC00D9DE70 /* Debug */ = {
			isa = XCBuildConfiguration;
			buildSettings = {
				ASSETCATALOG_COMPILER_APPICON_NAME = AppIcon;
				CODE_SIGN_ENTITLEMENTS = Dater/Dater.entitlements;
				CODE_SIGN_STYLE = Automatic;
				DEVELOPMENT_TEAM = 5DDA5Y994D;
				INFOPLIST_FILE = Dater/Info.plist;
				LD_RUNPATH_SEARCH_PATHS = (
					"$(inherited)",
					"@executable_path/Frameworks",
				);
				PRODUCT_BUNDLE_IDENTIFIER = com.deveshnema.Dater;
				PRODUCT_NAME = "$(TARGET_NAME)";
				SWIFT_VERSION = 4.0;
				TARGETED_DEVICE_FAMILY = "1,2";
			};
			name = Debug;
		};
		955ECBA120B938FC00D9DE70 /* Release */ = {
			isa = XCBuildConfiguration;
			buildSettings = {
				ASSETCATALOG_COMPILER_APPICON_NAME = AppIcon;
				CODE_SIGN_ENTITLEMENTS = Dater/Dater.entitlements;
				CODE_SIGN_STYLE = Automatic;
				DEVELOPMENT_TEAM = 5DDA5Y994D;
				INFOPLIST_FILE = Dater/Info.plist;
				LD_RUNPATH_SEARCH_PATHS = (
					"$(inherited)",
					"@executable_path/Frameworks",
				);
				PRODUCT_BUNDLE_IDENTIFIER = com.deveshnema.Dater;
				PRODUCT_NAME = "$(TARGET_NAME)";
				SWIFT_VERSION = 4.0;
				TARGETED_DEVICE_FAMILY = "1,2";
			};
			name = Release;
		};
/* End XCBuildConfiguration section */

/* Begin XCConfigurationList section */
		955ECB8820B938FB00D9DE70 /* Build configuration list for PBXProject "Dater" */ = {
			isa = XCConfigurationList;
			buildConfigurations = (
				955ECB9D20B938FC00D9DE70 /* Debug */,
				955ECB9E20B938FC00D9DE70 /* Release */,
			);
			defaultConfigurationIsVisible = 0;
			defaultConfigurationName = Release;
		};
		955ECB9F20B938FC00D9DE70 /* Build configuration list for PBXNativeTarget "Dater" */ = {
			isa = XCConfigurationList;
			buildConfigurations = (
				955ECBA020B938FC00D9DE70 /* Debug */,
				955ECBA120B938FC00D9DE70 /* Release */,
			);
			defaultConfigurationIsVisible = 0;
			defaultConfigurationName = Release;
		};
/* End XCConfigurationList section */
	};
	rootObject = 955ECB8520B938FB00D9DE70 /* Project object */;
}
